
Microsoft Visual Studio Solution File, Format Version 12.00
# Visual Studio Version 17
VisualStudioVersion = 17.0.32112.339
MinimumVisualStudioVersion = 10.0.40219.1
Project("{8BC9CEB8-8B4A-11D0-8D11-00A0C91BC942}") = "2048", "2048\2048.vcxproj", "{86EED2D8-D224-4937-9D30-1158FA5643E5}"
EndProject
Project("{54435603-DBB4-11D2-8724-00A0C9A8B90C}") = "2048e", "2048e\2048e.vdproj", "{E1A5CB10-51B9-4FF1-924A-1601A0D67BB9}"
EndProject
Global
	GlobalSection(SolutionConfigurationPlatforms) = preSolution
		Debug|x64 = Debug|x64
		Debug|x86 = Debug|x86
		Release|x64 = Release|x64
		Release|x86 = Release|x86
	EndGlobalSection
	GlobalSection(ProjectConfigurationPlatforms) = postSolution
		{86EED2D8-D224-4937-9D30-1158FA5643E5}.Debug|x64.ActiveCfg = Debug|x64
		{86EED2D8-D224-4937-9D30-1158FA5643E5}.Debug|x64.Build.0 = Debug|x64
		{86EED2D8-D224-4937-9D30-1158FA5643E5}.Debug|x86.ActiveCfg = Debug|Win32
		{86EED2D8-D224-4937-9D30-1158FA5643E5}.Debug|x86.Build.0 = Debug|Win32
		{86EED2D8-D224-4937-9D30-1158FA5643E5}.Release|x64.ActiveCfg = Release|x64
		{86EED2D8-D224-4937-9D30-1158FA5643E5}.Release|x64.Build.0 = Release|x64
		{86EED2D8-D224-4937-9D30-1158FA5643E5}.Release|x86.ActiveCfg = Release|Win32
		{86EED2D8-D224-4937-9D30-1158FA5643E5}.Release|x86.Build.0 = Release|Win32
		{E1A5CB10-51B9-4FF1-924A-1601A0D67BB9}.Debug|x64.ActiveCfg = Debug
		{E1A5CB10-51B9-4FF1-924A-1601A0D67BB9}.Debug|x86.ActiveCfg = Debug
		{E1A5CB10-51B9-4FF1-924A-1601A0D67BB9}.Release|x64.ActiveCfg = Release
		{E1A5CB10-51B9-4FF1-924A-1601A0D67BB9}.Release|x86.ActiveCfg = Release
	EndGlobalSection
	GlobalSection(SolutionProperties) = preSolution
		HideSolutionNode = FALSE
	EndGlobalSection
	GlobalSection(ExtensibilityGlobals) = postSolution
		SolutionGuid = {50BB6529-0F1A-4C17-A9BA-AF9C1468A822}
	EndGlobalSection
EndGlobal
